// !$*UTF8*$!
{
	archiveVersion = 1;
	classes = {
	};
	objectVersion = 56;
	objects = {

/* Begin PBXBuildFile section */
		3185CB4C2C3DC3AC00FAB48D /* flavorsyncApp.swift in Sources */ = {isa = PBXBuildFile; fileRef = 3185CB4B2C3DC3AC00FAB48D /* flavorsyncApp.swift */; };
		3185CB4E2C3DC3AC00FAB48D /* ContentView.swift in Sources */ = {isa = PBXBuildFile; fileRef = 3185CB4D2C3DC3AC00FAB48D /* ContentView.swift */; };
		3185CB502C3DC3AC00FAB48D /* Item.swift in Sources */ = {isa = PBXBuildFile; fileRef = 3185CB4F2C3DC3AC00FAB48D /* Item.swift */; };
		3185CB522C3DC3AD00FAB48D /* Assets.xcassets in Resources */ = {isa = PBXBuildFile; fileRef = 3185CB512C3DC3AD00FAB48D /* Assets.xcassets */; };
		3185CB552C3DC3AD00FAB48D /* Preview Assets.xcassets in Resources */ = {isa = PBXBuildFile; fileRef = 3185CB542C3DC3AD00FAB48D /* Preview Assets.xcassets */; };
		3185CB5D2C3DC41F00FAB48D /* AuthenticationManager.swift in Sources */ = {isa = PBXBuildFile; fileRef = 3185CB5C2C3DC41F00FAB48D /* AuthenticationManager.swift */; };
		3185CB5F2C3DC47F00FAB48D /* GoogleService-Info.plist in Resources */ = {isa = PBXBuildFile; fileRef = 3185CB5E2C3DC47F00FAB48D /* GoogleService-Info.plist */; };
		3185CB622C3DC4F000FAB48D /* FirebaseAnalytics in Frameworks */ = {isa = PBXBuildFile; productRef = 3185CB612C3DC4F000FAB48D /* FirebaseAnalytics */; };
		3185CB642C3DC4F000FAB48D /* FirebaseAnalyticsOnDeviceConversion in Frameworks */ = {isa = PBXBuildFile; productRef = 3185CB632C3DC4F000FAB48D /* FirebaseAnalyticsOnDeviceConversion */; };
		3185CB662C3DC4F000FAB48D /* FirebaseAnalyticsSwift in Frameworks */ = {isa = PBXBuildFile; productRef = 3185CB652C3DC4F000FAB48D /* FirebaseAnalyticsSwift */; };
		3185CB682C3DC4F000FAB48D /* FirebaseAnalyticsWithoutAdIdSupport in Frameworks */ = {isa = PBXBuildFile; productRef = 3185CB672C3DC4F000FAB48D /* FirebaseAnalyticsWithoutAdIdSupport */; };
		3185CB6A2C3DC4F000FAB48D /* FirebaseAppCheck in Frameworks */ = {isa = PBXBuildFile; productRef = 3185CB692C3DC4F000FAB48D /* FirebaseAppCheck */; };
		3185CB6C2C3DC4F000FAB48D /* FirebaseAppDistribution-Beta in Frameworks */ = {isa = PBXBuildFile; productRef = 3185CB6B2C3DC4F000FAB48D /* FirebaseAppDistribution-Beta */; };
		3185CB6E2C3DC4F000FAB48D /* FirebaseAuth in Frameworks */ = {isa = PBXBuildFile; productRef = 3185CB6D2C3DC4F000FAB48D /* FirebaseAuth */; };
		3185CB702C3DC4F000FAB48D /* FirebaseAuthCombine-Community in Frameworks */ = {isa = PBXBuildFile; productRef = 3185CB6F2C3DC4F000FAB48D /* FirebaseAuthCombine-Community */; };
		3185CB722C3DC4F000FAB48D /* FirebaseDatabase in Frameworks */ = {isa = PBXBuildFile; productRef = 3185CB712C3DC4F000FAB48D /* FirebaseDatabase */; };
		3185CB742C3DC4F000FAB48D /* FirebaseDatabaseSwift in Frameworks */ = {isa = PBXBuildFile; productRef = 3185CB732C3DC4F000FAB48D /* FirebaseDatabaseSwift */; };
		3185CB762C3DC4F000FAB48D /* FirebaseFirestore in Frameworks */ = {isa = PBXBuildFile; productRef = 3185CB752C3DC4F000FAB48D /* FirebaseFirestore */; };
		3185CB782C3DC4F000FAB48D /* FirebaseFirestoreCombine-Community in Frameworks */ = {isa = PBXBuildFile; productRef = 3185CB772C3DC4F000FAB48D /* FirebaseFirestoreCombine-Community */; };
		3185CB7A2C3DC4F000FAB48D /* FirebaseFirestoreSwift in Frameworks */ = {isa = PBXBuildFile; productRef = 3185CB792C3DC4F000FAB48D /* FirebaseFirestoreSwift */; };
		3185CB7C2C3DC4F000FAB48D /* FirebaseFunctions in Frameworks */ = {isa = PBXBuildFile; productRef = 3185CB7B2C3DC4F000FAB48D /* FirebaseFunctions */; };
		3185CB7E2C3DC4F000FAB48D /* FirebaseRemoteConfig in Frameworks */ = {isa = PBXBuildFile; productRef = 3185CB7D2C3DC4F000FAB48D /* FirebaseRemoteConfig */; };
		3185CB802C3DC4F000FAB48D /* FirebaseRemoteConfigSwift in Frameworks */ = {isa = PBXBuildFile; productRef = 3185CB7F2C3DC4F000FAB48D /* FirebaseRemoteConfigSwift */; };
		3185CB822C3DC4F000FAB48D /* FirebaseStorage in Frameworks */ = {isa = PBXBuildFile; productRef = 3185CB812C3DC4F000FAB48D /* FirebaseStorage */; };
		3185CB842C3DC4F000FAB48D /* FirebaseVertexAI-Preview in Frameworks */ = {isa = PBXBuildFile; productRef = 3185CB832C3DC4F000FAB48D /* FirebaseVertexAI-Preview */; };
		3185CB872C3DC52A00FAB48D /* AuthenticationView.swift in Sources */ = {isa = PBXBuildFile; fileRef = 3185CB862C3DC52A00FAB48D /* AuthenticationView.swift */; };
		3185CB8B2C3DC64400FAB48D /* RegistrationView.swift in Sources */ = {isa = PBXBuildFile; fileRef = 3185CB8A2C3DC64400FAB48D /* RegistrationView.swift */; };
		3185CB8D2C3DCAA900FAB48D /* AuthenticationViewModel.swift in Sources */ = {isa = PBXBuildFile; fileRef = 3185CB8C2C3DCAA900FAB48D /* AuthenticationViewModel.swift */; };
		3185CB8F2C3DCADE00FAB48D /* LoginView.swift in Sources */ = {isa = PBXBuildFile; fileRef = 3185CB8E2C3DCADE00FAB48D /* LoginView.swift */; };
/* End PBXBuildFile section */

/* Begin PBXFileReference section */
		3185CB482C3DC3AC00FAB48D /* flavorsync.app */ = {isa = PBXFileReference; explicitFileType = wrapper.application; includeInIndex = 0; path = flavorsync.app; sourceTree = BUILT_PRODUCTS_DIR; };
		3185CB4B2C3DC3AC00FAB48D /* flavorsyncApp.swift */ = {isa = PBXFileReference; lastKnownFileType = sourcecode.swift; path = flavorsyncApp.swift; sourceTree = "<group>"; };
		3185CB4D2C3DC3AC00FAB48D /* ContentView.swift */ = {isa = PBXFileReference; lastKnownFileType = sourcecode.swift; path = ContentView.swift; sourceTree = "<group>"; };
		3185CB4F2C3DC3AC00FAB48D /* Item.swift */ = {isa = PBXFileReference; lastKnownFileType = sourcecode.swift; path = Item.swift; sourceTree = "<group>"; };
		3185CB512C3DC3AD00FAB48D /* Assets.xcassets */ = {isa = PBXFileReference; lastKnownFileType = folder.assetcatalog; path = Assets.xcassets; sourceTree = "<group>"; };
		3185CB542C3DC3AD00FAB48D /* Preview Assets.xcassets */ = {isa = PBXFileReference; lastKnownFileType = folder.assetcatalog; path = "Preview Assets.xcassets"; sourceTree = "<group>"; };
		3185CB5C2C3DC41F00FAB48D /* AuthenticationManager.swift */ = {isa = PBXFileReference; lastKnownFileType = sourcecode.swift; path = AuthenticationManager.swift; sourceTree = "<group>"; };
		3185CB5E2C3DC47F00FAB48D /* GoogleService-Info.plist */ = {isa = PBXFileReference; fileEncoding = 4; lastKnownFileType = text.plist.xml; path = "GoogleService-Info.plist"; sourceTree = "<group>"; };
		3185CB862C3DC52A00FAB48D /* AuthenticationView.swift */ = {isa = PBXFileReference; lastKnownFileType = sourcecode.swift; path = AuthenticationView.swift; sourceTree = "<group>"; };
		3185CB8A2C3DC64400FAB48D /* RegistrationView.swift */ = {isa = PBXFileReference; lastKnownFileType = sourcecode.swift; path = RegistrationView.swift; sourceTree = "<group>"; };
		3185CB8C2C3DCAA900FAB48D /* AuthenticationViewModel.swift */ = {isa = PBXFileReference; lastKnownFileType = sourcecode.swift; path = AuthenticationViewModel.swift; sourceTree = "<group>"; };
		3185CB8E2C3DCADE00FAB48D /* LoginView.swift */ = {isa = PBXFileReference; lastKnownFileType = sourcecode.swift; path = LoginView.swift; sourceTree = "<group>"; };
/* End PBXFileReference section */

/* Begin PBXFrameworksBuildPhase section */
		3185CB452C3DC3AC00FAB48D /* Frameworks */ = {
			isa = PBXFrameworksBuildPhase;
			buildActionMask = 2147483647;
			files = (
				3185CB842C3DC4F000FAB48D /* FirebaseVertexAI-Preview in Frameworks */,
				3185CB742C3DC4F000FAB48D /* FirebaseDatabaseSwift in Frameworks */,
				3185CB7C2C3DC4F000FAB48D /* FirebaseFunctions in Frameworks */,
				3185CB662C3DC4F000FAB48D /* FirebaseAnalyticsSwift in Frameworks */,
				3185CB622C3DC4F000FAB48D /* FirebaseAnalytics in Frameworks */,
				3185CB642C3DC4F000FAB48D /* FirebaseAnalyticsOnDeviceConversion in Frameworks */,
				3185CB6A2C3DC4F000FAB48D /* FirebaseAppCheck in Frameworks */,
				3185CB682C3DC4F000FAB48D /* FirebaseAnalyticsWithoutAdIdSupport in Frameworks */,
				3185CB6E2C3DC4F000FAB48D /* FirebaseAuth in Frameworks */,
				3185CB7A2C3DC4F000FAB48D /* FirebaseFirestoreSwift in Frameworks */,
				3185CB802C3DC4F000FAB48D /* FirebaseRemoteConfigSwift in Frameworks */,
				3185CB7E2C3DC4F000FAB48D /* FirebaseRemoteConfig in Frameworks */,
				3185CB722C3DC4F000FAB48D /* FirebaseDatabase in Frameworks */,
				3185CB822C3DC4F000FAB48D /* FirebaseStorage in Frameworks */,
				3185CB6C2C3DC4F000FAB48D /* FirebaseAppDistribution-Beta in Frameworks */,
				3185CB782C3DC4F000FAB48D /* FirebaseFirestoreCombine-Community in Frameworks */,
				3185CB762C3DC4F000FAB48D /* FirebaseFirestore in Frameworks */,
				3185CB702C3DC4F000FAB48D /* FirebaseAuthCombine-Community in Frameworks */,
			);
			runOnlyForDeploymentPostprocessing = 0;
		};
/* End PBXFrameworksBuildPhase section */

/* Begin PBXGroup section */
		3185CB3F2C3DC3AC00FAB48D = {
			isa = PBXGroup;
			children = (
				3185CB4A2C3DC3AC00FAB48D /* flavorsync */,
				3185CB492C3DC3AC00FAB48D /* Products */,
				3185CB852C3DC50800FAB48D /* Frameworks */,
			);
			sourceTree = "<group>";
		};
		3185CB492C3DC3AC00FAB48D /* Products */ = {
			isa = PBXGroup;
			children = (
				3185CB482C3DC3AC00FAB48D /* flavorsync.app */,
			);
			name = Products;
			sourceTree = "<group>";
		};
		3185CB4A2C3DC3AC00FAB48D /* flavorsync */ = {
			isa = PBXGroup;
			children = (
				3185CB5E2C3DC47F00FAB48D /* GoogleService-Info.plist */,
				3185CB5B2C3DC3C400FAB48D /* Authentication */,
				3185CB4B2C3DC3AC00FAB48D /* flavorsyncApp.swift */,
				3185CB4D2C3DC3AC00FAB48D /* ContentView.swift */,
				3185CB4F2C3DC3AC00FAB48D /* Item.swift */,
				3185CB512C3DC3AD00FAB48D /* Assets.xcassets */,
				3185CB532C3DC3AD00FAB48D /* Preview Content */,
			);
			path = flavorsync;
			sourceTree = "<group>";
		};
		3185CB532C3DC3AD00FAB48D /* Preview Content */ = {
			isa = PBXGroup;
			children = (
				3185CB542C3DC3AD00FAB48D /* Preview Assets.xcassets */,
			);
			path = "Preview Content";
			sourceTree = "<group>";
		};
		3185CB5B2C3DC3C400FAB48D /* Authentication */ = {
			isa = PBXGroup;
			children = (
				3185CB5C2C3DC41F00FAB48D /* AuthenticationManager.swift */,
				3185CB862C3DC52A00FAB48D /* AuthenticationView.swift */,
				3185CB8A2C3DC64400FAB48D /* RegistrationView.swift */,
				3185CB8C2C3DCAA900FAB48D /* AuthenticationViewModel.swift */,
				3185CB8E2C3DCADE00FAB48D /* LoginView.swift */,
			);
			path = Authentication;
			sourceTree = "<group>";
		};
		3185CB852C3DC50800FAB48D /* Frameworks */ = {
			isa = PBXGroup;
			children = (
			);
			name = Frameworks;
			sourceTree = "<group>";
		};
/* End PBXGroup section */

/* Begin PBXNativeTarget section */
		3185CB472C3DC3AC00FAB48D /* flavorsync */ = {
			isa = PBXNativeTarget;
			buildConfigurationList = 3185CB582C3DC3AD00FAB48D /* Build configuration list for PBXNativeTarget "flavorsync" */;
			buildPhases = (
				3185CB442C3DC3AC00FAB48D /* Sources */,
				3185CB452C3DC3AC00FAB48D /* Frameworks */,
				3185CB462C3DC3AC00FAB48D /* Resources */,
			);
			buildRules = (
			);
			dependencies = (
			);
			name = flavorsync;
			packageProductDependencies = (
				3185CB612C3DC4F000FAB48D /* FirebaseAnalytics */,
				3185CB632C3DC4F000FAB48D /* FirebaseAnalyticsOnDeviceConversion */,
				3185CB652C3DC4F000FAB48D /* FirebaseAnalyticsSwift */,
				3185CB672C3DC4F000FAB48D /* FirebaseAnalyticsWithoutAdIdSupport */,
				3185CB692C3DC4F000FAB48D /* FirebaseAppCheck */,
				3185CB6B2C3DC4F000FAB48D /* FirebaseAppDistribution-Beta */,
				3185CB6D2C3DC4F000FAB48D /* FirebaseAuth */,
				3185CB6F2C3DC4F000FAB48D /* FirebaseAuthCombine-Community */,
				3185CB712C3DC4F000FAB48D /* FirebaseDatabase */,
				3185CB732C3DC4F000FAB48D /* FirebaseDatabaseSwift */,
				3185CB752C3DC4F000FAB48D /* FirebaseFirestore */,
				3185CB772C3DC4F000FAB48D /* FirebaseFirestoreCombine-Community */,
				3185CB792C3DC4F000FAB48D /* FirebaseFirestoreSwift */,
				3185CB7B2C3DC4F000FAB48D /* FirebaseFunctions */,
				3185CB7D2C3DC4F000FAB48D /* FirebaseRemoteConfig */,
				3185CB7F2C3DC4F000FAB48D /* FirebaseRemoteConfigSwift */,
				3185CB812C3DC4F000FAB48D /* FirebaseStorage */,
				3185CB832C3DC4F000FAB48D /* FirebaseVertexAI-Preview */,
			);
			productName = flavorsync;
			productReference = 3185CB482C3DC3AC00FAB48D /* flavorsync.app */;
			productType = "com.apple.product-type.application";
		};
/* End PBXNativeTarget section */

/* Begin PBXProject section */
		3185CB402C3DC3AC00FAB48D /* Project object */ = {
			isa = PBXProject;
			attributes = {
				BuildIndependentTargetsInParallel = 1;
				LastSwiftUpdateCheck = 1540;
				LastUpgradeCheck = 1540;
				TargetAttributes = {
					3185CB472C3DC3AC00FAB48D = {
						CreatedOnToolsVersion = 15.4;
					};
				};
			};
			buildConfigurationList = 3185CB432C3DC3AC00FAB48D /* Build configuration list for PBXProject "flavorsync" */;
			compatibilityVersion = "Xcode 14.0";
			developmentRegion = en;
			hasScannedForEncodings = 0;
			knownRegions = (
				en,
				Base,
			);
			mainGroup = 3185CB3F2C3DC3AC00FAB48D;
			packageReferences = (
				3185CB602C3DC4F000FAB48D /* XCRemoteSwiftPackageReference "firebase-ios-sdk" */,
			);
			productRefGroup = 3185CB492C3DC3AC00FAB48D /* Products */;
			projectDirPath = "";
			projectRoot = "";
			targets = (
				3185CB472C3DC3AC00FAB48D /* flavorsync */,
			);
		};
/* End PBXProject section */

/* Begin PBXResourcesBuildPhase section */
		3185CB462C3DC3AC00FAB48D /* Resources */ = {
			isa = PBXResourcesBuildPhase;
			buildActionMask = 2147483647;
			files = (
				3185CB552C3DC3AD00FAB48D /* Preview Assets.xcassets in Resources */,
				3185CB522C3DC3AD00FAB48D /* Assets.xcassets in Resources */,
				3185CB5F2C3DC47F00FAB48D /* GoogleService-Info.plist in Resources */,
			);
			runOnlyForDeploymentPostprocessing = 0;
		};
/* End PBXResourcesBuildPhase section */

/* Begin PBXSourcesBuildPhase section */
		3185CB442C3DC3AC00FAB48D /* Sources */ = {
			isa = PBXSourcesBuildPhase;
			buildActionMask = 2147483647;
			files = (
				3185CB4E2C3DC3AC00FAB48D /* ContentView.swift in Sources */,
				3185CB5D2C3DC41F00FAB48D /* AuthenticationManager.swift in Sources */,
				3185CB8F2C3DCADE00FAB48D /* LoginView.swift in Sources */,
				3185CB8B2C3DC64400FAB48D /* RegistrationView.swift in Sources */,
				3185CB8D2C3DCAA900FAB48D /* AuthenticationViewModel.swift in Sources */,
				3185CB502C3DC3AC00FAB48D /* Item.swift in Sources */,
				3185CB4C2C3DC3AC00FAB48D /* flavorsyncApp.swift in Sources */,
				3185CB872C3DC52A00FAB48D /* AuthenticationView.swift in Sources */,
			);
			runOnlyForDeploymentPostprocessing = 0;
		};
/* End PBXSourcesBuildPhase section */

/* Begin XCBuildConfiguration section */
		3185CB562C3DC3AD00FAB48D /* Debug */ = {
			isa = XCBuildConfiguration;
			buildSettings = {
				ALWAYS_SEARCH_USER_PATHS = NO;
				ASSETCATALOG_COMPILER_GENERATE_SWIFT_ASSET_SYMBOL_EXTENSIONS = YES;
				CLANG_ANALYZER_NONNULL = YES;
				CLANG_ANALYZER_NUMBER_OBJECT_CONVERSION = YES_AGGRESSIVE;
				CLANG_CXX_LANGUAGE_STANDARD = "gnu++20";
				CLANG_ENABLE_MODULES = YES;
				CLANG_ENABLE_OBJC_ARC = YES;
				CLANG_ENABLE_OBJC_WEAK = YES;
				CLANG_WARN_BLOCK_CAPTURE_AUTORELEASING = YES;
				CLANG_WARN_BOOL_CONVERSION = YES;
				CLANG_WARN_COMMA = YES;
				CLANG_WARN_CONSTANT_CONVERSION = YES;
				CLANG_WARN_DEPRECATED_OBJC_IMPLEMENTATIONS = YES;
				CLANG_WARN_DIRECT_OBJC_ISA_USAGE = YES_ERROR;
				CLANG_WARN_DOCUMENTATION_COMMENTS = YES;
				CLANG_WARN_EMPTY_BODY = YES;
				CLANG_WARN_ENUM_CONVERSION = YES;
				CLANG_WARN_INFINITE_RECURSION = YES;
				CLANG_WARN_INT_CONVERSION = YES;
				CLANG_WARN_NON_LITERAL_NULL_CONVERSION = YES;
				CLANG_WARN_OBJC_IMPLICIT_RETAIN_SELF = YES;
				CLANG_WARN_OBJC_LITERAL_CONVERSION = YES;
				CLANG_WARN_OBJC_ROOT_CLASS = YES_ERROR;
				CLANG_WARN_QUOTED_INCLUDE_IN_FRAMEWORK_HEADER = YES;
				CLANG_WARN_RANGE_LOOP_ANALYSIS = YES;
				CLANG_WARN_STRICT_PROTOTYPES = YES;
				CLANG_WARN_SUSPICIOUS_MOVE = YES;
				CLANG_WARN_UNGUARDED_AVAILABILITY = YES_AGGRESSIVE;
				CLANG_WARN_UNREACHABLE_CODE = YES;
				CLANG_WARN__DUPLICATE_METHOD_MATCH = YES;
				COPY_PHASE_STRIP = NO;
				DEBUG_INFORMATION_FORMAT = dwarf;
				ENABLE_STRICT_OBJC_MSGSEND = YES;
				ENABLE_TESTABILITY = YES;
				ENABLE_USER_SCRIPT_SANDBOXING = YES;
				GCC_C_LANGUAGE_STANDARD = gnu17;
				GCC_DYNAMIC_NO_PIC = NO;
				GCC_NO_COMMON_BLOCKS = YES;
				GCC_OPTIMIZATION_LEVEL = 0;
				GCC_PREPROCESSOR_DEFINITIONS = (
					"DEBUG=1",
					"$(inherited)",
				);
				GCC_WARN_64_TO_32_BIT_CONVERSION = YES;
				GCC_WARN_ABOUT_RETURN_TYPE = YES_ERROR;
				GCC_WARN_UNDECLARED_SELECTOR = YES;
				GCC_WARN_UNINITIALIZED_AUTOS = YES_AGGRESSIVE;
				GCC_WARN_UNUSED_FUNCTION = YES;
				GCC_WARN_UNUSED_VARIABLE = YES;
				IPHONEOS_DEPLOYMENT_TARGET = 17.5;
				LOCALIZATION_PREFERS_STRING_CATALOGS = YES;
				MTL_ENABLE_DEBUG_INFO = INCLUDE_SOURCE;
				MTL_FAST_MATH = YES;
				ONLY_ACTIVE_ARCH = YES;
				SDKROOT = iphoneos;
				SWIFT_ACTIVE_COMPILATION_CONDITIONS = "DEBUG $(inherited)";
				SWIFT_OPTIMIZATION_LEVEL = "-Onone";
			};
			name = Debug;
		};
		3185CB572C3DC3AD00FAB48D /* Release */ = {
			isa = XCBuildConfiguration;
			buildSettings = {
				ALWAYS_SEARCH_USER_PATHS = NO;
				ASSETCATALOG_COMPILER_GENERATE_SWIFT_ASSET_SYMBOL_EXTENSIONS = YES;
				CLANG_ANALYZER_NONNULL = YES;
				CLANG_ANALYZER_NUMBER_OBJECT_CONVERSION = YES_AGGRESSIVE;
				CLANG_CXX_LANGUAGE_STANDARD = "gnu++20";
				CLANG_ENABLE_MODULES = YES;
				CLANG_ENABLE_OBJC_ARC = YES;
				CLANG_ENABLE_OBJC_WEAK = YES;
				CLANG_WARN_BLOCK_CAPTURE_AUTORELEASING = YES;
				CLANG_WARN_BOOL_CONVERSION = YES;
				CLANG_WARN_COMMA = YES;
				CLANG_WARN_CONSTANT_CONVERSION = YES;
				CLANG_WARN_DEPRECATED_OBJC_IMPLEMENTATIONS = YES;
				CLANG_WARN_DIRECT_OBJC_ISA_USAGE = YES_ERROR;
				CLANG_WARN_DOCUMENTATION_COMMENTS = YES;
				CLANG_WARN_EMPTY_BODY = YES;
				CLANG_WARN_ENUM_CONVERSION = YES;
				CLANG_WARN_INFINITE_RECURSION = YES;
				CLANG_WARN_INT_CONVERSION = YES;
				CLANG_WARN_NON_LITERAL_NULL_CONVERSION = YES;
				CLANG_WARN_OBJC_IMPLICIT_RETAIN_SELF = YES;
				CLANG_WARN_OBJC_LITERAL_CONVERSION = YES;
				CLANG_WARN_OBJC_ROOT_CLASS = YES_ERROR;
				CLANG_WARN_QUOTED_INCLUDE_IN_FRAMEWORK_HEADER = YES;
				CLANG_WARN_RANGE_LOOP_ANALYSIS = YES;
				CLANG_WARN_STRICT_PROTOTYPES = YES;
				CLANG_WARN_SUSPICIOUS_MOVE = YES;
				CLANG_WARN_UNGUARDED_AVAILABILITY = YES_AGGRESSIVE;
				CLANG_WARN_UNREACHABLE_CODE = YES;
				CLANG_WARN__DUPLICATE_METHOD_MATCH = YES;
				COPY_PHASE_STRIP = NO;
				DEBUG_INFORMATION_FORMAT = "dwarf-with-dsym";
				ENABLE_NS_ASSERTIONS = NO;
				ENABLE_STRICT_OBJC_MSGSEND = YES;
				ENABLE_USER_SCRIPT_SANDBOXING = YES;
				GCC_C_LANGUAGE_STANDARD = gnu17;
				GCC_NO_COMMON_BLOCKS = YES;
				GCC_WARN_64_TO_32_BIT_CONVERSION = YES;
				GCC_WARN_ABOUT_RETURN_TYPE = YES_ERROR;
				GCC_WARN_UNDECLARED_SELECTOR = YES;
				GCC_WARN_UNINITIALIZED_AUTOS = YES_AGGRESSIVE;
				GCC_WARN_UNUSED_FUNCTION = YES;
				GCC_WARN_UNUSED_VARIABLE = YES;
				IPHONEOS_DEPLOYMENT_TARGET = 17.5;
				LOCALIZATION_PREFERS_STRING_CATALOGS = YES;
				MTL_ENABLE_DEBUG_INFO = NO;
				MTL_FAST_MATH = YES;
				SDKROOT = iphoneos;
				SWIFT_COMPILATION_MODE = wholemodule;
				VALIDATE_PRODUCT = YES;
			};
			name = Release;
		};
		3185CB592C3DC3AD00FAB48D /* Debug */ = {
			isa = XCBuildConfiguration;
			buildSettings = {
				ASSETCATALOG_COMPILER_APPICON_NAME = AppIcon;
				ASSETCATALOG_COMPILER_GLOBAL_ACCENT_COLOR_NAME = AccentColor;
				CODE_SIGN_STYLE = Automatic;
				CURRENT_PROJECT_VERSION = 1;
				DEVELOPMENT_ASSET_PATHS = "\"flavorsync/Preview Content\"";
				DEVELOPMENT_TEAM = 8TBWTVY269;
				ENABLE_PREVIEWS = YES;
				GENERATE_INFOPLIST_FILE = YES;
				INFOPLIST_KEY_UIApplicationSceneManifest_Generation = YES;
				INFOPLIST_KEY_UIApplicationSupportsIndirectInputEvents = YES;
				INFOPLIST_KEY_UILaunchScreen_Generation = YES;
				INFOPLIST_KEY_UISupportedInterfaceOrientations_iPad = "UIInterfaceOrientationPortrait UIInterfaceOrientationPortraitUpsideDown UIInterfaceOrientationLandscapeLeft UIInterfaceOrientationLandscapeRight";
				INFOPLIST_KEY_UISupportedInterfaceOrientations_iPhone = "UIInterfaceOrientationPortrait UIInterfaceOrientationLandscapeLeft UIInterfaceOrientationLandscapeRight";
				LD_RUNPATH_SEARCH_PATHS = (
					"$(inherited)",
					"@executable_path/Frameworks",
				);
				MARKETING_VERSION = 1.0;
				PRODUCT_BUNDLE_IDENTIFIER = ariaxhan.flavorsync;
				PRODUCT_NAME = "$(TARGET_NAME)";
				SWIFT_EMIT_LOC_STRINGS = YES;
				SWIFT_VERSION = 5.0;
				TARGETED_DEVICE_FAMILY = "1,2";
			};
			name = Debug;
		};
		3185CB5A2C3DC3AD00FAB48D /* Release */ = {
			isa = XCBuildConfiguration;
			buildSettings = {
				ASSETCATALOG_COMPILER_APPICON_NAME = AppIcon;
				ASSETCATALOG_COMPILER_GLOBAL_ACCENT_COLOR_NAME = AccentColor;
				CODE_SIGN_STYLE = Automatic;
				CURRENT_PROJECT_VERSION = 1;
				DEVELOPMENT_ASSET_PATHS = "\"flavorsync/Preview Content\"";
				DEVELOPMENT_TEAM = 8TBWTVY269;
				ENABLE_PREVIEWS = YES;
				GENERATE_INFOPLIST_FILE = YES;
				INFOPLIST_KEY_UIApplicationSceneManifest_Generation = YES;
				INFOPLIST_KEY_UIApplicationSupportsIndirectInputEvents = YES;
				INFOPLIST_KEY_UILaunchScreen_Generation = YES;
				INFOPLIST_KEY_UISupportedInterfaceOrientations_iPad = "UIInterfaceOrientationPortrait UIInterfaceOrientationPortraitUpsideDown UIInterfaceOrientationLandscapeLeft UIInterfaceOrientationLandscapeRight";
				INFOPLIST_KEY_UISupportedInterfaceOrientations_iPhone = "UIInterfaceOrientationPortrait UIInterfaceOrientationLandscapeLeft UIInterfaceOrientationLandscapeRight";
				LD_RUNPATH_SEARCH_PATHS = (
					"$(inherited)",
					"@executable_path/Frameworks",
				);
				MARKETING_VERSION = 1.0;
				PRODUCT_BUNDLE_IDENTIFIER = ariaxhan.flavorsync;
				PRODUCT_NAME = "$(TARGET_NAME)";
				SWIFT_EMIT_LOC_STRINGS = YES;
				SWIFT_VERSION = 5.0;
				TARGETED_DEVICE_FAMILY = "1,2";
			};
			name = Release;
		};
/* End XCBuildConfiguration section */

/* Begin XCConfigurationList section */
		3185CB432C3DC3AC00FAB48D /* Build configuration list for PBXProject "flavorsync" */ = {
			isa = XCConfigurationList;
			buildConfigurations = (
				3185CB562C3DC3AD00FAB48D /* Debug */,
				3185CB572C3DC3AD00FAB48D /* Release */,
			);
			defaultConfigurationIsVisible = 0;
			defaultConfigurationName = Release;
		};
		3185CB582C3DC3AD00FAB48D /* Build configuration list for PBXNativeTarget "flavorsync" */ = {
			isa = XCConfigurationList;
			buildConfigurations = (
				3185CB592C3DC3AD00FAB48D /* Debug */,
				3185CB5A2C3DC3AD00FAB48D /* Release */,
			);
			defaultConfigurationIsVisible = 0;
			defaultConfigurationName = Release;
		};
/* End XCConfigurationList section */

/* Begin XCRemoteSwiftPackageReference section */
		3185CB602C3DC4F000FAB48D /* XCRemoteSwiftPackageReference "firebase-ios-sdk" */ = {
			isa = XCRemoteSwiftPackageReference;
			repositoryURL = "https://github.com/firebase/firebase-ios-sdk";
			requirement = {
				kind = upToNextMajorVersion;
				minimumVersion = 10.29.0;
			};
		};
/* End XCRemoteSwiftPackageReference section */

/* Begin XCSwiftPackageProductDependency section */
		3185CB612C3DC4F000FAB48D /* FirebaseAnalytics */ = {
			isa = XCSwiftPackageProductDependency;
			package = 3185CB602C3DC4F000FAB48D /* XCRemoteSwiftPackageReference "firebase-ios-sdk" */;
			productName = FirebaseAnalytics;
		};
		3185CB632C3DC4F000FAB48D /* FirebaseAnalyticsOnDeviceConversion */ = {
			isa = XCSwiftPackageProductDependency;
			package = 3185CB602C3DC4F000FAB48D /* XCRemoteSwiftPackageReference "firebase-ios-sdk" */;
			productName = FirebaseAnalyticsOnDeviceConversion;
		};
		3185CB652C3DC4F000FAB48D /* FirebaseAnalyticsSwift */ = {
			isa = XCSwiftPackageProductDependency;
			package = 3185CB602C3DC4F000FAB48D /* XCRemoteSwiftPackageReference "firebase-ios-sdk" */;
			productName = FirebaseAnalyticsSwift;
		};
		3185CB672C3DC4F000FAB48D /* FirebaseAnalyticsWithoutAdIdSupport */ = {
			isa = XCSwiftPackageProductDependency;
			package = 3185CB602C3DC4F000FAB48D /* XCRemoteSwiftPackageReference "firebase-ios-sdk" */;
			productName = FirebaseAnalyticsWithoutAdIdSupport;
		};
		3185CB692C3DC4F000FAB48D /* FirebaseAppCheck */ = {
			isa = XCSwiftPackageProductDependency;
			package = 3185CB602C3DC4F000FAB48D /* XCRemoteSwiftPackageReference "firebase-ios-sdk" */;
			productName = FirebaseAppCheck;
		};
		3185CB6B2C3DC4F000FAB48D /* FirebaseAppDistribution-Beta */ = {
			isa = XCSwiftPackageProductDependency;
			package = 3185CB602C3DC4F000FAB48D /* XCRemoteSwiftPackageReference "firebase-ios-sdk" */;
			productName = "FirebaseAppDistribution-Beta";
		};
		3185CB6D2C3DC4F000FAB48D /* FirebaseAuth */ = {
			isa = XCSwiftPackageProductDependency;
			package = 3185CB602C3DC4F000FAB48D /* XCRemoteSwiftPackageReference "firebase-ios-sdk" */;
			productName = FirebaseAuth;
		};
		3185CB6F2C3DC4F000FAB48D /* FirebaseAuthCombine-Community */ = {
			isa = XCSwiftPackageProductDependency;
			package = 3185CB602C3DC4F000FAB48D /* XCRemoteSwiftPackageReference "firebase-ios-sdk" */;
			productName = "FirebaseAuthCombine-Community";
		};
		3185CB712C3DC4F000FAB48D /* FirebaseDatabase */ = {
			isa = XCSwiftPackageProductDependency;
			package = 3185CB602C3DC4F000FAB48D /* XCRemoteSwiftPackageReference "firebase-ios-sdk" */;
			productName = FirebaseDatabase;
		};
		3185CB732C3DC4F000FAB48D /* FirebaseDatabaseSwift */ = {
			isa = XCSwiftPackageProductDependency;
			package = 3185CB602C3DC4F000FAB48D /* XCRemoteSwiftPackageReference "firebase-ios-sdk" */;
			productName = FirebaseDatabaseSwift;
		};
		3185CB752C3DC4F000FAB48D /* FirebaseFirestore */ = {
			isa = XCSwiftPackageProductDependency;
			package = 3185CB602C3DC4F000FAB48D /* XCRemoteSwiftPackageReference "firebase-ios-sdk" */;
			productName = FirebaseFirestore;
		};
		3185CB772C3DC4F000FAB48D /* FirebaseFirestoreCombine-Community */ = {
			isa = XCSwiftPackageProductDependency;
			package = 3185CB602C3DC4F000FAB48D /* XCRemoteSwiftPackageReference "firebase-ios-sdk" */;
			productName = "FirebaseFirestoreCombine-Community";
		};
		3185CB792C3DC4F000FAB48D /* FirebaseFirestoreSwift */ = {
			isa = XCSwiftPackageProductDependency;
			package = 3185CB602C3DC4F000FAB48D /* XCRemoteSwiftPackageReference "firebase-ios-sdk" */;
			productName = FirebaseFirestoreSwift;
		};
		3185CB7B2C3DC4F000FAB48D /* FirebaseFunctions */ = {
			isa = XCSwiftPackageProductDependency;
			package = 3185CB602C3DC4F000FAB48D /* XCRemoteSwiftPackageReference "firebase-ios-sdk" */;
			productName = FirebaseFunctions;
		};
		3185CB7D2C3DC4F000FAB48D /* FirebaseRemoteConfig */ = {
			isa = XCSwiftPackageProductDependency;
			package = 3185CB602C3DC4F000FAB48D /* XCRemoteSwiftPackageReference "firebase-ios-sdk" */;
			productName = FirebaseRemoteConfig;
		};
		3185CB7F2C3DC4F000FAB48D /* FirebaseRemoteConfigSwift */ = {
			isa = XCSwiftPackageProductDependency;
			package = 3185CB602C3DC4F000FAB48D /* XCRemoteSwiftPackageReference "firebase-ios-sdk" */;
			productName = FirebaseRemoteConfigSwift;
		};
		3185CB812C3DC4F000FAB48D /* FirebaseStorage */ = {
			isa = XCSwiftPackageProductDependency;
			package = 3185CB602C3DC4F000FAB48D /* XCRemoteSwiftPackageReference "firebase-ios-sdk" */;
			productName = FirebaseStorage;
		};
		3185CB832C3DC4F000FAB48D /* FirebaseVertexAI-Preview */ = {
			isa = XCSwiftPackageProductDependency;
			package = 3185CB602C3DC4F000FAB48D /* XCRemoteSwiftPackageReference "firebase-ios-sdk" */;
			productName = "FirebaseVertexAI-Preview";
		};
/* End XCSwiftPackageProductDependency section */
	};
	rootObject = 3185CB402C3DC3AC00FAB48D /* Project object */;
}
